
Microsoft Visual Studio Solution File, Format Version 12.00
# Visual Studio 15
VisualStudioVersion = 15.0.28010.2016
MinimumVisualStudioVersion = 10.0.40219.1
Project("{9A19103F-16F7-4668-BE54-9A1E7A4F7556}") = "DipSocket.Tests", "DipSocket.Tests\DipSocket.Tests.csproj", "{8F786BA3-0572-49F8-89FF-853D2CD72830}"
EndProject
Project("{9A19103F-16F7-4668-BE54-9A1E7A4F7556}") = "DipSocket", "..\src\DipSocket\DipSocket.csproj", "{1E7DFB58-8941-44B0-A0FA-1977CAAB6D8E}"
EndProject
Global
	GlobalSection(SolutionConfigurationPlatforms) = preSolution
		Debug|Any CPU = Debug|Any CPU
		Release|Any CPU = Release|Any CPU
	EndGlobalSection
	GlobalSection(ProjectConfigurationPlatforms) = postSolution
		{8F786BA3-0572-49F8-89FF-853D2CD72830}.Debug|Any CPU.ActiveCfg = Debug|Any CPU
		{8F786BA3-0572-49F8-89FF-853D2CD72830}.Debug|Any CPU.Build.0 = Debug|Any CPU
		{8F786BA3-0572-49F8-89FF-853D2CD72830}.Release|Any CPU.ActiveCfg = Release|Any CPU
		{8F786BA3-0572-49F8-89FF-853D2CD72830}.Release|Any CPU.Build.0 = Release|Any CPU
		{1E7DFB58-8941-44B0-A0FA-1977CAAB6D8E}.Debug|Any CPU.ActiveCfg = Debug|Any CPU
		{1E7DFB58-8941-44B0-A0FA-1977CAAB6D8E}.Debug|Any CPU.Build.0 = Debug|Any CPU
		{1E7DFB58-8941-44B0-A0FA-1977CAAB6D8E}.Release|Any CPU.ActiveCfg = Release|Any CPU
		{1E7DFB58-8941-44B0-A0FA-1977CAAB6D8E}.Release|Any CPU.Build.0 = Release|Any CPU
	EndGlobalSection
	GlobalSection(SolutionProperties) = preSolution
		HideSolutionNode = FALSE
	EndGlobalSection
	GlobalSection(ExtensibilityGlobals) = postSolution
		SolutionGuid = {5F0B255A-D7FD-410C-A86F-EBBAA1783ACD}
	EndGlobalSection
EndGlobal
