
Microsoft Visual Studio Solution File, Format Version 12.00
# Visual Studio 15
VisualStudioVersion = 15.0.28010.2016
MinimumVisualStudioVersion = 10.0.40219.1
Project("{9A19103F-16F7-4668-BE54-9A1E7A4F7556}") = "Server", "Server\Server.csproj", "{330E327E-FADD-4671-A0C7-1567B2B0A8FB}"
EndProject
Project("{9A19103F-16F7-4668-BE54-9A1E7A4F7556}") = "DipSocket", "..\src\DipSocket\DipSocket.csproj", "{7F0EB1A9-E0B1-4836-B17F-A09E0795EC7C}"
EndProject
Global
	GlobalSection(SolutionConfigurationPlatforms) = preSolution
		Debug|Any CPU = Debug|Any CPU
		Release|Any CPU = Release|Any CPU
	EndGlobalSection
	GlobalSection(ProjectConfigurationPlatforms) = postSolution
		{330E327E-FADD-4671-A0C7-1567B2B0A8FB}.Debug|Any CPU.ActiveCfg = Debug|Any CPU
		{330E327E-FADD-4671-A0C7-1567B2B0A8FB}.Debug|Any CPU.Build.0 = Debug|Any CPU
		{330E327E-FADD-4671-A0C7-1567B2B0A8FB}.Release|Any CPU.ActiveCfg = Release|Any CPU
		{330E327E-FADD-4671-A0C7-1567B2B0A8FB}.Release|Any CPU.Build.0 = Release|Any CPU
		{7F0EB1A9-E0B1-4836-B17F-A09E0795EC7C}.Debug|Any CPU.ActiveCfg = Debug|Any CPU
		{7F0EB1A9-E0B1-4836-B17F-A09E0795EC7C}.Debug|Any CPU.Build.0 = Debug|Any CPU
		{7F0EB1A9-E0B1-4836-B17F-A09E0795EC7C}.Release|Any CPU.ActiveCfg = Release|Any CPU
		{7F0EB1A9-E0B1-4836-B17F-A09E0795EC7C}.Release|Any CPU.Build.0 = Release|Any CPU
	EndGlobalSection
	GlobalSection(SolutionProperties) = preSolution
		HideSolutionNode = FALSE
	EndGlobalSection
	GlobalSection(ExtensibilityGlobals) = postSolution
		SolutionGuid = {AF9080D5-79BC-45EA-89BB-82517AC6AE72}
	EndGlobalSection
EndGlobal
